
Microsoft Visual Studio Solution File, Format Version 12.00
# Visual Studio Version 17
VisualStudioVersion = 17.8.34309.116
MinimumVisualStudioVersion = 10.0.40219.1
Project("{FAE04EC0-301F-11D3-BF4B-00C04F79EFBC}") = "SOLID", "SOLID.csproj", "{50D792C4-27A5-43D0-9420-0CFEA1531A01}"
EndProject
Global
	GlobalSection(SolutionConfigurationPlatforms) = preSolution
		Debug|Any CPU = Debug|Any CPU
		Release|Any CPU = Release|Any CPU
	EndGlobalSection
	GlobalSection(ProjectConfigurationPlatforms) = postSolution
		{50D792C4-27A5-43D0-9420-0CFEA1531A01}.Debug|Any CPU.ActiveCfg = Debug|Any CPU
		{50D792C4-27A5-43D0-9420-0CFEA1531A01}.Debug|Any CPU.Build.0 = Debug|Any CPU
		{50D792C4-27A5-43D0-9420-0CFEA1531A01}.Release|Any CPU.ActiveCfg = Release|Any CPU
		{50D792C4-27A5-43D0-9420-0CFEA1531A01}.Release|Any CPU.Build.0 = Release|Any CPU
	EndGlobalSection
	GlobalSection(SolutionProperties) = preSolution
		HideSolutionNode = FALSE
	EndGlobalSection
	GlobalSection(ExtensibilityGlobals) = postSolution
		SolutionGuid = {308B864A-9119-40FD-B9E4-434B7AF8DA30}
	EndGlobalSection
EndGlobal
